// !$*UTF8*$!
{
	archiveVersion = 1;
	classes = {
	};
	objectVersion = 50;
	objects = {

/* Begin PBXBuildFile section */
		37D0D78021AC8D040059388E /* AppDelegate.swift in Sources */ = {isa = PBXBuildFile; fileRef = 37D0D77F21AC8D040059388E /* AppDelegate.swift */; };
		37D0D78221AC8D040059388E /* ViewController.swift in Sources */ = {isa = PBXBuildFile; fileRef = 37D0D78121AC8D040059388E /* ViewController.swift */; };
		37D0D78521AC8D040059388E /* Main.storyboard in Resources */ = {isa = PBXBuildFile; fileRef = 37D0D78321AC8D040059388E /* Main.storyboard */; };
		37D0D78721AC8D060059388E /* Assets.xcassets in Resources */ = {isa = PBXBuildFile; fileRef = 37D0D78621AC8D060059388E /* Assets.xcassets */; };
		37D0D78A21AC8D060059388E /* LaunchScreen.storyboard in Resources */ = {isa = PBXBuildFile; fileRef = 37D0D78821AC8D060059388E /* LaunchScreen.storyboard */; };
		37E4BA7321B8667B00EF4BFC /* LandmarksViewController.swift in Sources */ = {isa = PBXBuildFile; fileRef = 37E4BA7221B8667B00EF4BFC /* LandmarksViewController.swift */; };
		37E4BA7721BBCA0200EF4BFC /* Landmark.swift in Sources */ = {isa = PBXBuildFile; fileRef = 37E4BA7621BBCA0200EF4BFC /* Landmark.swift */; };
		37E4BA7921BBCC8600EF4BFC /* PersistenceManager.swift in Sources */ = {isa = PBXBuildFile; fileRef = 37E4BA7821BBCC8600EF4BFC /* PersistenceManager.swift */; };
/* End PBXBuildFile section */

/* Begin PBXFileReference section */
		37D0D77C21AC8D040059388E /* metroexplorer.app */ = {isa = PBXFileReference; explicitFileType = wrapper.application; includeInIndex = 0; path = metroexplorer.app; sourceTree = BUILT_PRODUCTS_DIR; };
		37D0D77F21AC8D040059388E /* AppDelegate.swift */ = {isa = PBXFileReference; lastKnownFileType = sourcecode.swift; path = AppDelegate.swift; sourceTree = "<group>"; };
		37D0D78121AC8D040059388E /* ViewController.swift */ = {isa = PBXFileReference; lastKnownFileType = sourcecode.swift; path = ViewController.swift; sourceTree = "<group>"; };
		37D0D78421AC8D040059388E /* Base */ = {isa = PBXFileReference; lastKnownFileType = file.storyboard; name = Base; path = Base.lproj/Main.storyboard; sourceTree = "<group>"; };
		37D0D78621AC8D060059388E /* Assets.xcassets */ = {isa = PBXFileReference; lastKnownFileType = folder.assetcatalog; path = Assets.xcassets; sourceTree = "<group>"; };
		37D0D78921AC8D060059388E /* Base */ = {isa = PBXFileReference; lastKnownFileType = file.storyboard; name = Base; path = Base.lproj/LaunchScreen.storyboard; sourceTree = "<group>"; };
		37D0D78B21AC8D060059388E /* Info.plist */ = {isa = PBXFileReference; lastKnownFileType = text.plist.xml; path = Info.plist; sourceTree = "<group>"; };
		37E4BA7221B8667B00EF4BFC /* LandmarksViewController.swift */ = {isa = PBXFileReference; lastKnownFileType = sourcecode.swift; path = LandmarksViewController.swift; sourceTree = "<group>"; };
		37E4BA7621BBCA0200EF4BFC /* Landmark.swift */ = {isa = PBXFileReference; lastKnownFileType = sourcecode.swift; path = Landmark.swift; sourceTree = "<group>"; };
		37E4BA7821BBCC8600EF4BFC /* PersistenceManager.swift */ = {isa = PBXFileReference; lastKnownFileType = sourcecode.swift; path = PersistenceManager.swift; sourceTree = "<group>"; };
/* End PBXFileReference section */

/* Begin PBXFrameworksBuildPhase section */
		37D0D77921AC8D040059388E /* Frameworks */ = {
			isa = PBXFrameworksBuildPhase;
			buildActionMask = 2147483647;
			files = (
			);
			runOnlyForDeploymentPostprocessing = 0;
		};
/* End PBXFrameworksBuildPhase section */

/* Begin PBXGroup section */
		37D0D77321AC8D040059388E = {
			isa = PBXGroup;
			children = (
				37D0D77E21AC8D040059388E /* metroexplorer */,
				37D0D77D21AC8D040059388E /* Products */,
			);
			sourceTree = "<group>";
		};
		37D0D77D21AC8D040059388E /* Products */ = {
			isa = PBXGroup;
			children = (
				37D0D77C21AC8D040059388E /* metroexplorer.app */,
			);
			name = Products;
			sourceTree = "<group>";
		};
		37D0D77E21AC8D040059388E /* metroexplorer */ = {
			isa = PBXGroup;
			children = (
				37E4BA7521BBC96E00EF4BFC /* models */,
				37E4BA7421BBAB4900EF4BFC /* view controllers */,
				37D0D77F21AC8D040059388E /* AppDelegate.swift */,
				37D0D78321AC8D040059388E /* Main.storyboard */,
				37D0D78621AC8D060059388E /* Assets.xcassets */,
				37D0D78821AC8D060059388E /* LaunchScreen.storyboard */,
				37D0D78B21AC8D060059388E /* Info.plist */,
				37E4BA7821BBCC8600EF4BFC /* PersistenceManager.swift */,
			);
			path = metroexplorer;
			sourceTree = "<group>";
		};
		37E4BA7421BBAB4900EF4BFC /* view controllers */ = {
			isa = PBXGroup;
			children = (
				37D0D78121AC8D040059388E /* ViewController.swift */,
				37E4BA7221B8667B00EF4BFC /* LandmarksViewController.swift */,
			);
			path = "view controllers";
			sourceTree = "<group>";
		};
		37E4BA7521BBC96E00EF4BFC /* models */ = {
			isa = PBXGroup;
			children = (
				37E4BA7621BBCA0200EF4BFC /* Landmark.swift */,
			);
			path = models;
			sourceTree = "<group>";
		};
/* End PBXGroup section */

/* Begin PBXNativeTarget section */
		37D0D77B21AC8D040059388E /* metroexplorer */ = {
			isa = PBXNativeTarget;
			buildConfigurationList = 37D0D78E21AC8D060059388E /* Build configuration list for PBXNativeTarget "metroexplorer" */;
			buildPhases = (
				37D0D77821AC8D040059388E /* Sources */,
				37D0D77921AC8D040059388E /* Frameworks */,
				37D0D77A21AC8D040059388E /* Resources */,
			);
			buildRules = (
			);
			dependencies = (
			);
			name = metroexplorer;
			productName = metroexplorer;
			productReference = 37D0D77C21AC8D040059388E /* metroexplorer.app */;
			productType = "com.apple.product-type.application";
		};
/* End PBXNativeTarget section */

/* Begin PBXProject section */
		37D0D77421AC8D040059388E /* Project object */ = {
			isa = PBXProject;
			attributes = {
				LastSwiftUpdateCheck = 1010;
				LastUpgradeCheck = 1010;
				ORGANIZATIONNAME = "Dejian He";
				TargetAttributes = {
					37D0D77B21AC8D040059388E = {
						CreatedOnToolsVersion = 10.1;
					};
				};
			};
			buildConfigurationList = 37D0D77721AC8D040059388E /* Build configuration list for PBXProject "metroexplorer" */;
			compatibilityVersion = "Xcode 9.3";
			developmentRegion = en;
			hasScannedForEncodings = 0;
			knownRegions = (
				en,
				Base,
			);
			mainGroup = 37D0D77321AC8D040059388E;
			productRefGroup = 37D0D77D21AC8D040059388E /* Products */;
			projectDirPath = "";
			projectRoot = "";
			targets = (
				37D0D77B21AC8D040059388E /* metroexplorer */,
			);
		};
/* End PBXProject section */

/* Begin PBXResourcesBuildPhase section */
		37D0D77A21AC8D040059388E /* Resources */ = {
			isa = PBXResourcesBuildPhase;
			buildActionMask = 2147483647;
			files = (
				37D0D78A21AC8D060059388E /* LaunchScreen.storyboard in Resources */,
				37D0D78721AC8D060059388E /* Assets.xcassets in Resources */,
				37D0D78521AC8D040059388E /* Main.storyboard in Resources */,
			);
			runOnlyForDeploymentPostprocessing = 0;
		};
/* End PBXResourcesBuildPhase section */

/* Begin PBXSourcesBuildPhase section */
		37D0D77821AC8D040059388E /* Sources */ = {
			isa = PBXSourcesBuildPhase;
			buildActionMask = 2147483647;
			files = (
				37D0D78221AC8D040059388E /* ViewController.swift in Sources */,
				37E4BA7921BBCC8600EF4BFC /* PersistenceManager.swift in Sources */,
				37D0D78021AC8D040059388E /* AppDelegate.swift in Sources */,
				37E4BA7321B8667B00EF4BFC /* LandmarksViewController.swift in Sources */,
				37E4BA7721BBCA0200EF4BFC /* Landmark.swift in Sources */,
			);
			runOnlyForDeploymentPostprocessing = 0;
		};
/* End PBXSourcesBuildPhase section */

/* Begin PBXVariantGroup section */
		37D0D78321AC8D040059388E /* Main.storyboard */ = {
			isa = PBXVariantGroup;
			children = (
				37D0D78421AC8D040059388E /* Base */,
			);
			name = Main.storyboard;
			sourceTree = "<group>";
		};
		37D0D78821AC8D060059388E /* LaunchScreen.storyboard */ = {
			isa = PBXVariantGroup;
			children = (
				37D0D78921AC8D060059388E /* Base */,
			);
			name = LaunchScreen.storyboard;
			sourceTree = "<group>";
		};
/* End PBXVariantGroup section */

/* Begin XCBuildConfiguration section */
		37D0D78C21AC8D060059388E /* Debug */ = {
			isa = XCBuildConfiguration;
			buildSettings = {
				ALWAYS_SEARCH_USER_PATHS = NO;
				CLANG_ANALYZER_NONNULL = YES;
				CLANG_ANALYZER_NUMBER_OBJECT_CONVERSION = YES_AGGRESSIVE;
				CLANG_CXX_LANGUAGE_STANDARD = "gnu++14";
				CLANG_CXX_LIBRARY = "libc++";
				CLANG_ENABLE_MODULES = YES;
				CLANG_ENABLE_OBJC_ARC = YES;
				CLANG_ENABLE_OBJC_WEAK = YES;
				CLANG_WARN_BLOCK_CAPTURE_AUTORELEASING = YES;
				CLANG_WARN_BOOL_CONVERSION = YES;
				CLANG_WARN_COMMA = YES;
				CLANG_WARN_CONSTANT_CONVERSION = YES;
				CLANG_WARN_DEPRECATED_OBJC_IMPLEMENTATIONS = YES;
				CLANG_WARN_DIRECT_OBJC_ISA_USAGE = YES_ERROR;
				CLANG_WARN_DOCUMENTATION_COMMENTS = YES;
				CLANG_WARN_EMPTY_BODY = YES;
				CLANG_WARN_ENUM_CONVERSION = YES;
				CLANG_WARN_INFINITE_RECURSION = YES;
				CLANG_WARN_INT_CONVERSION = YES;
				CLANG_WARN_NON_LITERAL_NULL_CONVERSION = YES;
				CLANG_WARN_OBJC_IMPLICIT_RETAIN_SELF = YES;
				CLANG_WARN_OBJC_LITERAL_CONVERSION = YES;
				CLANG_WARN_OBJC_ROOT_CLASS = YES_ERROR;
				CLANG_WARN_RANGE_LOOP_ANALYSIS = YES;
				CLANG_WARN_STRICT_PROTOTYPES = YES;
				CLANG_WARN_SUSPICIOUS_MOVE = YES;
				CLANG_WARN_UNGUARDED_AVAILABILITY = YES_AGGRESSIVE;
				CLANG_WARN_UNREACHABLE_CODE = YES;
				CLANG_WARN__DUPLICATE_METHOD_MATCH = YES;
				CODE_SIGN_IDENTITY = "iPhone Developer";
				COPY_PHASE_STRIP = NO;
				DEBUG_INFORMATION_FORMAT = dwarf;
				ENABLE_STRICT_OBJC_MSGSEND = YES;
				ENABLE_TESTABILITY = YES;
				GCC_C_LANGUAGE_STANDARD = gnu11;
				GCC_DYNAMIC_NO_PIC = NO;
				GCC_NO_COMMON_BLOCKS = YES;
				GCC_OPTIMIZATION_LEVEL = 0;
				GCC_PREPROCESSOR_DEFINITIONS = (
					"DEBUG=1",
					"$(inherited)",
				);
				GCC_WARN_64_TO_32_BIT_CONVERSION = YES;
				GCC_WARN_ABOUT_RETURN_TYPE = YES_ERROR;
				GCC_WARN_UNDECLARED_SELECTOR = YES;
				GCC_WARN_UNINITIALIZED_AUTOS = YES_AGGRESSIVE;
				GCC_WARN_UNUSED_FUNCTION = YES;
				GCC_WARN_UNUSED_VARIABLE = YES;
				IPHONEOS_DEPLOYMENT_TARGET = 12.1;
				MTL_ENABLE_DEBUG_INFO = INCLUDE_SOURCE;
				MTL_FAST_MATH = YES;
				ONLY_ACTIVE_ARCH = YES;
				SDKROOT = iphoneos;
				SWIFT_ACTIVE_COMPILATION_CONDITIONS = DEBUG;
				SWIFT_OPTIMIZATION_LEVEL = "-Onone";
			};
			name = Debug;
		};
		37D0D78D21AC8D060059388E /* Release */ = {
			isa = XCBuildConfiguration;
			buildSettings = {
				ALWAYS_SEARCH_USER_PATHS = NO;
				CLANG_ANALYZER_NONNULL = YES;
				CLANG_ANALYZER_NUMBER_OBJECT_CONVERSION = YES_AGGRESSIVE;
				CLANG_CXX_LANGUAGE_STANDARD = "gnu++14";
				CLANG_CXX_LIBRARY = "libc++";
				CLANG_ENABLE_MODULES = YES;
				CLANG_ENABLE_OBJC_ARC = YES;
				CLANG_ENABLE_OBJC_WEAK = YES;
				CLANG_WARN_BLOCK_CAPTURE_AUTORELEASING = YES;
				CLANG_WARN_BOOL_CONVERSION = YES;
				CLANG_WARN_COMMA = YES;
				CLANG_WARN_CONSTANT_CONVERSION = YES;
				CLANG_WARN_DEPRECATED_OBJC_IMPLEMENTATIONS = YES;
				CLANG_WARN_DIRECT_OBJC_ISA_USAGE = YES_ERROR;
				CLANG_WARN_DOCUMENTATION_COMMENTS = YES;
				CLANG_WARN_EMPTY_BODY = YES;
				CLANG_WARN_ENUM_CONVERSION = YES;
				CLANG_WARN_INFINITE_RECURSION = YES;
				CLANG_WARN_INT_CONVERSION = YES;
				CLANG_WARN_NON_LITERAL_NULL_CONVERSION = YES;
				CLANG_WARN_OBJC_IMPLICIT_RETAIN_SELF = YES;
				CLANG_WARN_OBJC_LITERAL_CONVERSION = YES;
				CLANG_WARN_OBJC_ROOT_CLASS = YES_ERROR;
				CLANG_WARN_RANGE_LOOP_ANALYSIS = YES;
				CLANG_WARN_STRICT_PROTOTYPES = YES;
				CLANG_WARN_SUSPICIOUS_MOVE = YES;
				CLANG_WARN_UNGUARDED_AVAILABILITY = YES_AGGRESSIVE;
				CLANG_WARN_UNREACHABLE_CODE = YES;
				CLANG_WARN__DUPLICATE_METHOD_MATCH = YES;
				CODE_SIGN_IDENTITY = "iPhone Developer";
				COPY_PHASE_STRIP = NO;
				DEBUG_INFORMATION_FORMAT = "dwarf-with-dsym";
				ENABLE_NS_ASSERTIONS = NO;
				ENABLE_STRICT_OBJC_MSGSEND = YES;
				GCC_C_LANGUAGE_STANDARD = gnu11;
				GCC_NO_COMMON_BLOCKS = YES;
				GCC_WARN_64_TO_32_BIT_CONVERSION = YES;
				GCC_WARN_ABOUT_RETURN_TYPE = YES_ERROR;
				GCC_WARN_UNDECLARED_SELECTOR = YES;
				GCC_WARN_UNINITIALIZED_AUTOS = YES_AGGRESSIVE;
				GCC_WARN_UNUSED_FUNCTION = YES;
				GCC_WARN_UNUSED_VARIABLE = YES;
				IPHONEOS_DEPLOYMENT_TARGET = 12.1;
				MTL_ENABLE_DEBUG_INFO = NO;
				MTL_FAST_MATH = YES;
				SDKROOT = iphoneos;
				SWIFT_COMPILATION_MODE = wholemodule;
				SWIFT_OPTIMIZATION_LEVEL = "-O";
				VALIDATE_PRODUCT = YES;
			};
			name = Release;
		};
		37D0D78F21AC8D060059388E /* Debug */ = {
			isa = XCBuildConfiguration;
			buildSettings = {
				ASSETCATALOG_COMPILER_APPICON_NAME = AppIcon;
				CODE_SIGN_STYLE = Automatic;
				DEVELOPMENT_TEAM = 5VAMNBP73T;
				INFOPLIST_FILE = metroexplorer/Info.plist;
				LD_RUNPATH_SEARCH_PATHS = (
					"$(inherited)",
					"@executable_path/Frameworks",
				);
				PRODUCT_BUNDLE_IDENTIFIER = com.kent.metroexplorer;
				PRODUCT_NAME = "$(TARGET_NAME)";
				SWIFT_VERSION = 4.2;
				TARGETED_DEVICE_FAMILY = "1,2";
			};
			name = Debug;
		};
		37D0D79021AC8D060059388E /* Release */ = {
			isa = XCBuildConfiguration;
			buildSettings = {
				ASSETCATALOG_COMPILER_APPICON_NAME = AppIcon;
				CODE_SIGN_STYLE = Automatic;
				DEVELOPMENT_TEAM = 5VAMNBP73T;
				INFOPLIST_FILE = metroexplorer/Info.plist;
				LD_RUNPATH_SEARCH_PATHS = (
					"$(inherited)",
					"@executable_path/Frameworks",
				);
				PRODUCT_BUNDLE_IDENTIFIER = com.kent.metroexplorer;
				PRODUCT_NAME = "$(TARGET_NAME)";
				SWIFT_VERSION = 4.2;
				TARGETED_DEVICE_FAMILY = "1,2";
			};
			name = Release;
		};
/* End XCBuildConfiguration section */

/* Begin XCConfigurationList section */
		37D0D77721AC8D040059388E /* Build configuration list for PBXProject "metroexplorer" */ = {
			isa = XCConfigurationList;
			buildConfigurations = (
				37D0D78C21AC8D060059388E /* Debug */,
				37D0D78D21AC8D060059388E /* Release */,
			);
			defaultConfigurationIsVisible = 0;
			defaultConfigurationName = Release;
		};
		37D0D78E21AC8D060059388E /* Build configuration list for PBXNativeTarget "metroexplorer" */ = {
			isa = XCConfigurationList;
			buildConfigurations = (
				37D0D78F21AC8D060059388E /* Debug */,
				37D0D79021AC8D060059388E /* Release */,
			);
			defaultConfigurationIsVisible = 0;
			defaultConfigurationName = Release;
		};
/* End XCConfigurationList section */
	};
	rootObject = 37D0D77421AC8D040059388E /* Project object */;
}
